
Microsoft Visual Studio Solution File, Format Version 12.00
# Visual Studio Version 16
VisualStudioVersion = 16.0.30717.126
MinimumVisualStudioVersion = 10.0.40219.1
Project("{FAE04EC0-301F-11D3-BF4B-00C04F79EFBC}") = "D22CrabCombat", "D22CrabCombat.csproj", "{51A6474C-3F9B-4523-8B8F-3CB0B435A302}"
EndProject
Global
	GlobalSection(SolutionConfigurationPlatforms) = preSolution
		Debug|Any CPU = Debug|Any CPU
		Release|Any CPU = Release|Any CPU
	EndGlobalSection
	GlobalSection(ProjectConfigurationPlatforms) = postSolution
		{51A6474C-3F9B-4523-8B8F-3CB0B435A302}.Debug|Any CPU.ActiveCfg = Debug|Any CPU
		{51A6474C-3F9B-4523-8B8F-3CB0B435A302}.Debug|Any CPU.Build.0 = Debug|Any CPU
		{51A6474C-3F9B-4523-8B8F-3CB0B435A302}.Release|Any CPU.ActiveCfg = Release|Any CPU
		{51A6474C-3F9B-4523-8B8F-3CB0B435A302}.Release|Any CPU.Build.0 = Release|Any CPU
	EndGlobalSection
	GlobalSection(SolutionProperties) = preSolution
		HideSolutionNode = FALSE
	EndGlobalSection
	GlobalSection(ExtensibilityGlobals) = postSolution
		SolutionGuid = {25073B80-2B98-44E3-B3C5-69F6E6E088D4}
	EndGlobalSection
EndGlobal
