
Microsoft Visual Studio Solution File, Format Version 12.00
# Visual Studio Version 16
VisualStudioVersion = 16.0.30717.126
MinimumVisualStudioVersion = 10.0.40219.1
Project("{FAE04EC0-301F-11D3-BF4B-00C04F79EFBC}") = "D5BinaryBoarding", "D5BinaryBoarding.csproj", "{9679D82C-248E-4EA1-B73B-4EA2D08E68E1}"
EndProject
Project("{FAE04EC0-301F-11D3-BF4B-00C04F79EFBC}") = "D5BinaryBoardingTests", "..\D5BinaryBoardingTests\D5BinaryBoardingTests.csproj", "{7C14483D-EFAA-440C-A535-C48D7DD71A79}"
EndProject
Global
	GlobalSection(SolutionConfigurationPlatforms) = preSolution
		Debug|Any CPU = Debug|Any CPU
		Release|Any CPU = Release|Any CPU
	EndGlobalSection
	GlobalSection(ProjectConfigurationPlatforms) = postSolution
		{9679D82C-248E-4EA1-B73B-4EA2D08E68E1}.Debug|Any CPU.ActiveCfg = Debug|Any CPU
		{9679D82C-248E-4EA1-B73B-4EA2D08E68E1}.Debug|Any CPU.Build.0 = Debug|Any CPU
		{9679D82C-248E-4EA1-B73B-4EA2D08E68E1}.Release|Any CPU.ActiveCfg = Release|Any CPU
		{9679D82C-248E-4EA1-B73B-4EA2D08E68E1}.Release|Any CPU.Build.0 = Release|Any CPU
		{7C14483D-EFAA-440C-A535-C48D7DD71A79}.Debug|Any CPU.ActiveCfg = Debug|Any CPU
		{7C14483D-EFAA-440C-A535-C48D7DD71A79}.Debug|Any CPU.Build.0 = Debug|Any CPU
		{7C14483D-EFAA-440C-A535-C48D7DD71A79}.Release|Any CPU.ActiveCfg = Release|Any CPU
		{7C14483D-EFAA-440C-A535-C48D7DD71A79}.Release|Any CPU.Build.0 = Release|Any CPU
	EndGlobalSection
	GlobalSection(SolutionProperties) = preSolution
		HideSolutionNode = FALSE
	EndGlobalSection
	GlobalSection(ExtensibilityGlobals) = postSolution
		SolutionGuid = {DFFC5B17-BED2-4F61-92F9-F599E3CC20FB}
	EndGlobalSection
EndGlobal
