
Microsoft Visual Studio Solution File, Format Version 12.00
# Visual Studio Version 16
VisualStudioVersion = 16.0.30717.126
MinimumVisualStudioVersion = 10.0.40219.1
Project("{9A19103F-16F7-4668-BE54-9A1E7A4F7556}") = "D2PasswordPhilosophy", "D2PasswordPhilosophy.csproj", "{56682F66-CF63-4272-8FB1-82F1302FC8B0}"
EndProject
Project("{FAE04EC0-301F-11D3-BF4B-00C04F79EFBC}") = "D2PasswordPhilosophyTests", "..\D2PasswordPhilosophyTests\D2PasswordPhilosophyTests.csproj", "{6340EB09-0326-4E5F-B8BF-C7C74BD334E8}"
EndProject
Global
	GlobalSection(SolutionConfigurationPlatforms) = preSolution
		Debug|Any CPU = Debug|Any CPU
		Release|Any CPU = Release|Any CPU
	EndGlobalSection
	GlobalSection(ProjectConfigurationPlatforms) = postSolution
		{56682F66-CF63-4272-8FB1-82F1302FC8B0}.Debug|Any CPU.ActiveCfg = Debug|Any CPU
		{56682F66-CF63-4272-8FB1-82F1302FC8B0}.Debug|Any CPU.Build.0 = Debug|Any CPU
		{56682F66-CF63-4272-8FB1-82F1302FC8B0}.Release|Any CPU.ActiveCfg = Release|Any CPU
		{56682F66-CF63-4272-8FB1-82F1302FC8B0}.Release|Any CPU.Build.0 = Release|Any CPU
		{6340EB09-0326-4E5F-B8BF-C7C74BD334E8}.Debug|Any CPU.ActiveCfg = Debug|Any CPU
		{6340EB09-0326-4E5F-B8BF-C7C74BD334E8}.Debug|Any CPU.Build.0 = Debug|Any CPU
		{6340EB09-0326-4E5F-B8BF-C7C74BD334E8}.Release|Any CPU.ActiveCfg = Release|Any CPU
		{6340EB09-0326-4E5F-B8BF-C7C74BD334E8}.Release|Any CPU.Build.0 = Release|Any CPU
	EndGlobalSection
	GlobalSection(SolutionProperties) = preSolution
		HideSolutionNode = FALSE
	EndGlobalSection
	GlobalSection(ExtensibilityGlobals) = postSolution
		SolutionGuid = {292F2F29-0025-49FC-84F9-8D29E1FDA553}
	EndGlobalSection
EndGlobal
