
Microsoft Visual Studio Solution File, Format Version 12.00
# Visual Studio Version 16
VisualStudioVersion = 16.0.30717.126
MinimumVisualStudioVersion = 10.0.40219.1
Project("{9A19103F-16F7-4668-BE54-9A1E7A4F7556}") = "D7HandyHaversacks", "D7HandyHaversacks.csproj", "{EE38B632-A326-4DCA-A6E8-8A9E445560C5}"
EndProject
Project("{9A19103F-16F7-4668-BE54-9A1E7A4F7556}") = "D7HandyHaversacksTests", "..\D7HandyHaversacksTests\D7HandyHaversacksTests.csproj", "{A196E41C-609A-4859-80EA-EBC676B5E9B5}"
EndProject
Global
	GlobalSection(SolutionConfigurationPlatforms) = preSolution
		Debug|Any CPU = Debug|Any CPU
		Release|Any CPU = Release|Any CPU
	EndGlobalSection
	GlobalSection(ProjectConfigurationPlatforms) = postSolution
		{EE38B632-A326-4DCA-A6E8-8A9E445560C5}.Debug|Any CPU.ActiveCfg = Debug|Any CPU
		{EE38B632-A326-4DCA-A6E8-8A9E445560C5}.Debug|Any CPU.Build.0 = Debug|Any CPU
		{EE38B632-A326-4DCA-A6E8-8A9E445560C5}.Release|Any CPU.ActiveCfg = Release|Any CPU
		{EE38B632-A326-4DCA-A6E8-8A9E445560C5}.Release|Any CPU.Build.0 = Release|Any CPU
		{A196E41C-609A-4859-80EA-EBC676B5E9B5}.Debug|Any CPU.ActiveCfg = Debug|Any CPU
		{A196E41C-609A-4859-80EA-EBC676B5E9B5}.Debug|Any CPU.Build.0 = Debug|Any CPU
		{A196E41C-609A-4859-80EA-EBC676B5E9B5}.Release|Any CPU.ActiveCfg = Release|Any CPU
		{A196E41C-609A-4859-80EA-EBC676B5E9B5}.Release|Any CPU.Build.0 = Release|Any CPU
	EndGlobalSection
	GlobalSection(SolutionProperties) = preSolution
		HideSolutionNode = FALSE
	EndGlobalSection
	GlobalSection(ExtensibilityGlobals) = postSolution
		SolutionGuid = {797FD1C7-7E04-4CDB-AA45-2758B805DB39}
	EndGlobalSection
EndGlobal
