
Microsoft Visual Studio Solution File, Format Version 12.00
# Visual Studio Version 16
VisualStudioVersion = 16.0.30611.23
MinimumVisualStudioVersion = 10.0.40219.1
Project("{9A19103F-16F7-4668-BE54-9A1E7A4F7556}") = "D1ReportRepair", "D1ReportRepair.csproj", "{25239CCD-F737-441A-9E04-EED6AFCC2C43}"
EndProject
Project("{FAE04EC0-301F-11D3-BF4B-00C04F79EFBC}") = "D1ReportRepairTests", "..\D1ReportRepairTests\D1ReportRepairTests.csproj", "{01555E73-D496-49E9-B5D4-B2003C62E425}"
EndProject
Global
	GlobalSection(SolutionConfigurationPlatforms) = preSolution
		Debug|Any CPU = Debug|Any CPU
		Release|Any CPU = Release|Any CPU
	EndGlobalSection
	GlobalSection(ProjectConfigurationPlatforms) = postSolution
		{25239CCD-F737-441A-9E04-EED6AFCC2C43}.Debug|Any CPU.ActiveCfg = Debug|Any CPU
		{25239CCD-F737-441A-9E04-EED6AFCC2C43}.Debug|Any CPU.Build.0 = Debug|Any CPU
		{25239CCD-F737-441A-9E04-EED6AFCC2C43}.Release|Any CPU.ActiveCfg = Release|Any CPU
		{25239CCD-F737-441A-9E04-EED6AFCC2C43}.Release|Any CPU.Build.0 = Release|Any CPU
		{01555E73-D496-49E9-B5D4-B2003C62E425}.Debug|Any CPU.ActiveCfg = Debug|Any CPU
		{01555E73-D496-49E9-B5D4-B2003C62E425}.Debug|Any CPU.Build.0 = Debug|Any CPU
		{01555E73-D496-49E9-B5D4-B2003C62E425}.Release|Any CPU.ActiveCfg = Release|Any CPU
		{01555E73-D496-49E9-B5D4-B2003C62E425}.Release|Any CPU.Build.0 = Release|Any CPU
	EndGlobalSection
	GlobalSection(SolutionProperties) = preSolution
		HideSolutionNode = FALSE
	EndGlobalSection
	GlobalSection(ExtensibilityGlobals) = postSolution
		SolutionGuid = {4E2F1614-7EA8-480E-8F79-1C3ECE7586AF}
	EndGlobalSection
EndGlobal
