
Microsoft Visual Studio Solution File, Format Version 12.00
# Visual Studio Version 16
VisualStudioVersion = 16.0.30717.126
MinimumVisualStudioVersion = 10.0.40219.1
Project("{FAE04EC0-301F-11D3-BF4B-00C04F79EFBC}") = "D21AllergenAssessment", "D21AllergenAssessment.csproj", "{37F15AB4-69B9-4D42-9594-8DDE5DB7535D}"
EndProject
Global
	GlobalSection(SolutionConfigurationPlatforms) = preSolution
		Debug|Any CPU = Debug|Any CPU
		Release|Any CPU = Release|Any CPU
	EndGlobalSection
	GlobalSection(ProjectConfigurationPlatforms) = postSolution
		{37F15AB4-69B9-4D42-9594-8DDE5DB7535D}.Debug|Any CPU.ActiveCfg = Debug|Any CPU
		{37F15AB4-69B9-4D42-9594-8DDE5DB7535D}.Debug|Any CPU.Build.0 = Debug|Any CPU
		{37F15AB4-69B9-4D42-9594-8DDE5DB7535D}.Release|Any CPU.ActiveCfg = Release|Any CPU
		{37F15AB4-69B9-4D42-9594-8DDE5DB7535D}.Release|Any CPU.Build.0 = Release|Any CPU
	EndGlobalSection
	GlobalSection(SolutionProperties) = preSolution
		HideSolutionNode = FALSE
	EndGlobalSection
	GlobalSection(ExtensibilityGlobals) = postSolution
		SolutionGuid = {38B24A49-E975-4DC7-99C5-3A4D41A7BF33}
	EndGlobalSection
EndGlobal
