
Microsoft Visual Studio Solution File, Format Version 12.00
# Visual Studio Version 16
VisualStudioVersion = 16.0.30717.126
MinimumVisualStudioVersion = 10.0.40219.1
Project("{FAE04EC0-301F-11D3-BF4B-00C04F79EFBC}") = "D24LobbyLayout", "D24LobbyLayout.csproj", "{BEA27F2B-0461-4E98-B7C6-719059BCDE02}"
EndProject
Global
	GlobalSection(SolutionConfigurationPlatforms) = preSolution
		Debug|Any CPU = Debug|Any CPU
		Release|Any CPU = Release|Any CPU
	EndGlobalSection
	GlobalSection(ProjectConfigurationPlatforms) = postSolution
		{BEA27F2B-0461-4E98-B7C6-719059BCDE02}.Debug|Any CPU.ActiveCfg = Debug|Any CPU
		{BEA27F2B-0461-4E98-B7C6-719059BCDE02}.Debug|Any CPU.Build.0 = Debug|Any CPU
		{BEA27F2B-0461-4E98-B7C6-719059BCDE02}.Release|Any CPU.ActiveCfg = Release|Any CPU
		{BEA27F2B-0461-4E98-B7C6-719059BCDE02}.Release|Any CPU.Build.0 = Release|Any CPU
	EndGlobalSection
	GlobalSection(SolutionProperties) = preSolution
		HideSolutionNode = FALSE
	EndGlobalSection
	GlobalSection(ExtensibilityGlobals) = postSolution
		SolutionGuid = {7D794F33-E3D3-4A12-8767-6F2710B3FF5F}
	EndGlobalSection
EndGlobal
