
Microsoft Visual Studio Solution File, Format Version 12.00
# Visual Studio Version 16
VisualStudioVersion = 16.0.30717.126
MinimumVisualStudioVersion = 10.0.40219.1
Project("{9A19103F-16F7-4668-BE54-9A1E7A4F7556}") = "D6CustomCustoms", "D6CustomCustoms.csproj", "{50D65EC3-69D8-45E0-AA59-AF1522DB1A4F}"
EndProject
Project("{FAE04EC0-301F-11D3-BF4B-00C04F79EFBC}") = "D6CustomCustomsTests", "..\D6CustomCustomsTests\D6CustomCustomsTests.csproj", "{92F072AD-0290-4592-94E0-A8E697291C60}"
EndProject
Global
	GlobalSection(SolutionConfigurationPlatforms) = preSolution
		Debug|Any CPU = Debug|Any CPU
		Release|Any CPU = Release|Any CPU
	EndGlobalSection
	GlobalSection(ProjectConfigurationPlatforms) = postSolution
		{50D65EC3-69D8-45E0-AA59-AF1522DB1A4F}.Debug|Any CPU.ActiveCfg = Debug|Any CPU
		{50D65EC3-69D8-45E0-AA59-AF1522DB1A4F}.Debug|Any CPU.Build.0 = Debug|Any CPU
		{50D65EC3-69D8-45E0-AA59-AF1522DB1A4F}.Release|Any CPU.ActiveCfg = Release|Any CPU
		{50D65EC3-69D8-45E0-AA59-AF1522DB1A4F}.Release|Any CPU.Build.0 = Release|Any CPU
		{92F072AD-0290-4592-94E0-A8E697291C60}.Debug|Any CPU.ActiveCfg = Debug|Any CPU
		{92F072AD-0290-4592-94E0-A8E697291C60}.Debug|Any CPU.Build.0 = Debug|Any CPU
		{92F072AD-0290-4592-94E0-A8E697291C60}.Release|Any CPU.ActiveCfg = Release|Any CPU
		{92F072AD-0290-4592-94E0-A8E697291C60}.Release|Any CPU.Build.0 = Release|Any CPU
	EndGlobalSection
	GlobalSection(SolutionProperties) = preSolution
		HideSolutionNode = FALSE
	EndGlobalSection
	GlobalSection(ExtensibilityGlobals) = postSolution
		SolutionGuid = {45026008-C59E-4D41-A795-6C72439662E4}
	EndGlobalSection
EndGlobal
